Microsoft Visual Studio Solution File, Format Version 12.00
# Visual Studio Version 17
VisualStudioVersion = 17.14.36414.22 d17.14
MinimumVisualStudioVersion = 10.0.40219.1
Project("{FAE04EC0-301F-11D3-BF4B-00C04F79EFBC}") = "DePoisty.RecommendationService.Core", "DePoisty.RecommendationService.Core\DePoisty.RecommendationService.Core.csproj", "{C553212B-F091-49FA-9710-74050ACBD607}"
EndProject
Project("{FAE04EC0-301F-11D3-BF4B-00C04F79EFBC}") = "DePoisty.RecommendationService.Persistence", "DePoisty.RecommendationService.Persistence\DePoisty.RecommendationService.Persistence.csproj", "{AC90921F-97FE-4ADF-B492-A145B955A30A}"
EndProject
Project("{FAE04EC0-301F-11D3-BF4B-00C04F79EFBC}") = "DePoisty.RecommendationService.Infrastructure", "DePoisty.RecommendationService.Infrastructure\DePoisty.RecommendationService.Infrastructure.csproj", "{9F472C45-6CDE-407D-B921-8B51A85D7006}"
EndProject
Project("{FAE04EC0-301F-11D3-BF4B-00C04F79EFBC}") = "DePoisty.RecommendationService.Application", "DePoisty.RecommendationService.Application\DePoisty.RecommendationService.Application.csproj", "{82BEC589-E2B0-42EF-A2BC-9FC09192C431}"
EndProject
Project("{FAE04EC0-301F-11D3-BF4B-00C04F79EFBC}") = "DePoisty.RecommendationService.API", "DePoisty.RecommendationService.API\DePoisty.RecommendationService.API.csproj", "{7A65DF87-4AC1-4650-AC75-95FFF3AF1DFF}"
EndProject
Global
	GlobalSection(SolutionConfigurationPlatforms) = preSolution
		Debug|Any CPU = Debug|Any CPU
		Release|Any CPU = Release|Any CPU
	EndGlobalSection
	GlobalSection(ProjectConfigurationPlatforms) = postSolution
		{C553212B-F091-49FA-9710-74050ACBD607}.Debug|Any CPU.ActiveCfg = Debug|Any CPU
		{C553212B-F091-49FA-9710-74050ACBD607}.Debug|Any CPU.Build.0 = Debug|Any CPU
		{C553212B-F091-49FA-9710-74050ACBD607}.Release|Any CPU.ActiveCfg = Release|Any CPU
		{C553212B-F091-49FA-9710-74050ACBD607}.Release|Any CPU.Build.0 = Release|Any CPU
		{AC90921F-97FE-4ADF-B492-A145B955A30A}.Debug|Any CPU.ActiveCfg = Debug|Any CPU
		{AC90921F-97FE-4ADF-B492-A145B955A30A}.Debug|Any CPU.Build.0 = Debug|Any CPU
		{AC90921F-97FE-4ADF-B492-A145B955A30A}.Release|Any CPU.ActiveCfg = Release|Any CPU
		{AC90921F-97FE-4ADF-B492-A145B955A30A}.Release|Any CPU.Build.0 = Release|Any CPU
		{9F472C45-6CDE-407D-B921-8B51A85D7006}.Debug|Any CPU.ActiveCfg = Debug|Any CPU
		{9F472C45-6CDE-407D-B921-8B51A85D7006}.Debug|Any CPU.Build.0 = Debug|Any CPU
		{9F472C45-6CDE-407D-B921-8B51A85D7006}.Release|Any CPU.ActiveCfg = Release|Any CPU
		{9F472C45-6CDE-407D-B921-8B51A85D7006}.Release|Any CPU.Build.0 = Release|Any CPU
		{82BEC589-E2B0-42EF-A2BC-9FC09192C431}.Debug|Any CPU.ActiveCfg = Debug|Any CPU
		{82BEC589-E2B0-42EF-A2BC-9FC09192C431}.Debug|Any CPU.Build.0 = Debug|Any CPU
		{82BEC589-E2B0-42EF-A2BC-9FC09192C431}.Release|Any CPU.ActiveCfg = Release|Any CPU
		{82BEC589-E2B0-42EF-A2BC-9FC09192C431}.Release|Any CPU.Build.0 = Release|Any CPU
		{7A65DF87-4AC1-4650-AC75-95FFF3AF1DFF}.Debug|Any CPU.ActiveCfg = Debug|Any CPU
		{7A65DF87-4AC1-4650-AC75-95FFF3AF1DFF}.Debug|Any CPU.Build.0 = Debug|Any CPU
		{7A65DF87-4AC1-4650-AC75-95FFF3AF1DFF}.Release|Any CPU.ActiveCfg = Release|Any CPU
		{7A65DF87-4AC1-4650-AC75-95FFF3AF1DFF}.Release|Any CPU.Build.0 = Release|Any CPU
	EndGlobalSection
	GlobalSection(SolutionProperties) = preSolution
		HideSolutionNode = FALSE
	EndGlobalSection
	GlobalSection(ExtensibilityGlobals) = postSolution
		SolutionGuid = {62CE251B-73E0-4EEE-9818-DC7BE845D605}
	EndGlobalSection
EndGlobal
